
Microsoft Visual Studio Solution File, Format Version 12.00
# Visual Studio Version 16
VisualStudioVersion = 16.0.30011.22
MinimumVisualStudioVersion = 10.0.40219.1
Project("{9A19103F-16F7-4668-BE54-9A1E7A4F7556}") = "pacparser", "pacparser\pacparser.csproj", "{CE364854-8607-429B-9E3C-87C04EF7BB3B}"
EndProject
Project("{9A19103F-16F7-4668-BE54-9A1E7A4F7556}") = "pactester.ps", "pactester.ps\pactester.ps.csproj", "{23E724E3-D33C-46A3-9AD4-7E6302DB79AA}"
EndProject
Project("{9A19103F-16F7-4668-BE54-9A1E7A4F7556}") = "pacparser.tests", "pacparser.tests\pacparser.tests.csproj", "{B3186A24-B53B-4BB3-A26C-C6725C863AF2}"
EndProject
Global
	GlobalSection(SolutionConfigurationPlatforms) = preSolution
		Debug|Any CPU = Debug|Any CPU
		Release|Any CPU = Release|Any CPU
	EndGlobalSection
	GlobalSection(ProjectConfigurationPlatforms) = postSolution
		{CE364854-8607-429B-9E3C-87C04EF7BB3B}.Debug|Any CPU.ActiveCfg = Debug|Any CPU
		{CE364854-8607-429B-9E3C-87C04EF7BB3B}.Debug|Any CPU.Build.0 = Debug|Any CPU
		{CE364854-8607-429B-9E3C-87C04EF7BB3B}.Release|Any CPU.ActiveCfg = Release|Any CPU
		{CE364854-8607-429B-9E3C-87C04EF7BB3B}.Release|Any CPU.Build.0 = Release|Any CPU
		{23E724E3-D33C-46A3-9AD4-7E6302DB79AA}.Debug|Any CPU.ActiveCfg = Debug|Any CPU
		{23E724E3-D33C-46A3-9AD4-7E6302DB79AA}.Debug|Any CPU.Build.0 = Debug|Any CPU
		{23E724E3-D33C-46A3-9AD4-7E6302DB79AA}.Release|Any CPU.ActiveCfg = Release|Any CPU
		{23E724E3-D33C-46A3-9AD4-7E6302DB79AA}.Release|Any CPU.Build.0 = Release|Any CPU
		{B3186A24-B53B-4BB3-A26C-C6725C863AF2}.Debug|Any CPU.ActiveCfg = Debug|Any CPU
		{B3186A24-B53B-4BB3-A26C-C6725C863AF2}.Debug|Any CPU.Build.0 = Debug|Any CPU
		{B3186A24-B53B-4BB3-A26C-C6725C863AF2}.Release|Any CPU.ActiveCfg = Release|Any CPU
		{B3186A24-B53B-4BB3-A26C-C6725C863AF2}.Release|Any CPU.Build.0 = Release|Any CPU
	EndGlobalSection
	GlobalSection(SolutionProperties) = preSolution
		HideSolutionNode = FALSE
	EndGlobalSection
	GlobalSection(ExtensibilityGlobals) = postSolution
		SolutionGuid = {3CD80CDF-D27F-4943-BFE1-802D53E8D236}
	EndGlobalSection
EndGlobal
